<?xml version="1.0" encoding="utf-8"?>
<Project ToolsVersion="4.0" xmlns="http://schemas.microsoft.com/developer/msbuild/2003">
  <ItemGroup>
    <Filter Include="Source Files">
      <UniqueIdentifier>{FC0942F8-B77A-4E73-90BE-E9B6E71A5E16}</UniqueIdentifier>
    </Filter>
    <Filter Include="Header Files">
      <UniqueIdentifier>{592B8E48-E30E-4D78-A2EC-749577F91CE0}</UniqueIdentifier>
    </Filter>
    <Filter Include="Driver Files">
      <UniqueIdentifier>{EA3B2AB8-17E4-4760-A1A8-93D93717CF05}</UniqueIdentifier>
    </Filter>
  </ItemGroup>
  <ItemGroup>
    <ClCompile Include="driver.c"><Filter>Source Files</Filter></ClCompile>
    <ClCompile Include="device.c"><Filter>Source Files</Filter></ClCompile>
    <ClCompile Include="controller_ioctl.c"><Filter>Source Files</Filter></ClCompile>
    <ClCompile Include="controller_transaction.c"><Filter>Source Files</Filter></ClCompile>
    <ClCompile Include="controller_audit.c"><Filter>Source Files</Filter></ClCompile>
    <ClCompile Include="controller_ahci.c"><Filter>Source Files</Filter></ClCompile>
    <ClCompile Include="controller_nvme.c"><Filter>Source Files</Filter></ClCompile>
    <ClCompile Include="controller_ide.c"><Filter>Source Files</Filter></ClCompile>
    <ClCompile Include="sha256.c"><Filter>Source Files</Filter></ClCompile>
  </ItemGroup>
  <ItemGroup>
    <ClInclude Include="controller.h"><Filter>Header Files</Filter></ClInclude>
    <ClInclude Include="..\shared\driver\KswordArkStorageControllerIoctl.h"><Filter>Header Files</Filter></ClInclude>
  </ItemGroup>
  <ItemGroup>
    <Inf Include="KswordARKControllerDriver.inf"><Filter>Driver Files</Filter></Inf>
    <None Include="README.md"><Filter>Driver Files</Filter></None>
  </ItemGroup>
</Project>
